
Microsoft Visual Studio Solution File, Format Version 11.00
# Visual Studio 2010
Project("{FAE04EC0-301F-11D3-BF4B-00C04F79EFBC}") = "MVCRider", "MVCRider\MVCRider.csproj", "{09FA2BC5-A831-4177-9768-424533C4EAD4}"
EndProject
Project("{FAE04EC0-301F-11D3-BF4B-00C04F79EFBC}") = "MVCRiderModel", "MVCRiderModel\MVCRiderModel.csproj", "{EE7B8262-3ED6-4FD7-891F-51FCF39D777C}"
EndProject
Global
	GlobalSection(SolutionConfigurationPlatforms) = preSolution
		Debug|Any CPU = Debug|Any CPU
		Release|Any CPU = Release|Any CPU
	EndGlobalSection
	GlobalSection(ProjectConfigurationPlatforms) = postSolution
		{09FA2BC5-A831-4177-9768-424533C4EAD4}.Debug|Any CPU.ActiveCfg = Debug|Any CPU
		{09FA2BC5-A831-4177-9768-424533C4EAD4}.Debug|Any CPU.Build.0 = Debug|Any CPU
		{09FA2BC5-A831-4177-9768-424533C4EAD4}.Release|Any CPU.ActiveCfg = Release|Any CPU
		{09FA2BC5-A831-4177-9768-424533C4EAD4}.Release|Any CPU.Build.0 = Release|Any CPU
		{EE7B8262-3ED6-4FD7-891F-51FCF39D777C}.Debug|Any CPU.ActiveCfg = Debug|Any CPU
		{EE7B8262-3ED6-4FD7-891F-51FCF39D777C}.Debug|Any CPU.Build.0 = Debug|Any CPU
		{EE7B8262-3ED6-4FD7-891F-51FCF39D777C}.Release|Any CPU.ActiveCfg = Release|Any CPU
		{EE7B8262-3ED6-4FD7-891F-51FCF39D777C}.Release|Any CPU.Build.0 = Release|Any CPU
	EndGlobalSection
	GlobalSection(SolutionProperties) = preSolution
		HideSolutionNode = FALSE
	EndGlobalSection
EndGlobal
